
Microsoft Visual Studio Solution File, Format Version 12.00
# Visual Studio Version 16
VisualStudioVersion = 16.0.31424.327
MinimumVisualStudioVersion = 10.0.40219.1
Project("{FAE04EC0-301F-11D3-BF4B-00C04F79EFBC}") = "MusicPlayerNoam", "MusicPlayerNoam\MusicPlayerNoam.csproj", "{610BFB91-B740-44A3-90FB-48BF2E15EED7}"
EndProject
Global
	GlobalSection(SolutionConfigurationPlatforms) = preSolution
		Debug|Any CPU = Debug|Any CPU
		Release|Any CPU = Release|Any CPU
	EndGlobalSection
	GlobalSection(ProjectConfigurationPlatforms) = postSolution
		{610BFB91-B740-44A3-90FB-48BF2E15EED7}.Debug|Any CPU.ActiveCfg = Debug|Any CPU
		{610BFB91-B740-44A3-90FB-48BF2E15EED7}.Debug|Any CPU.Build.0 = Debug|Any CPU
		{610BFB91-B740-44A3-90FB-48BF2E15EED7}.Debug|Any CPU.Deploy.0 = Debug|Any CPU
		{610BFB91-B740-44A3-90FB-48BF2E15EED7}.Release|Any CPU.ActiveCfg = Release|Any CPU
		{610BFB91-B740-44A3-90FB-48BF2E15EED7}.Release|Any CPU.Build.0 = Release|Any CPU
		{610BFB91-B740-44A3-90FB-48BF2E15EED7}.Release|Any CPU.Deploy.0 = Release|Any CPU
	EndGlobalSection
	GlobalSection(SolutionProperties) = preSolution
		HideSolutionNode = FALSE
	EndGlobalSection
	GlobalSection(ExtensibilityGlobals) = postSolution
		SolutionGuid = {C5F39CC5-F7DA-4C4B-951A-EAFC98C6D867}
	EndGlobalSection
EndGlobal
